
Microsoft Visual Studio Solution File, Format Version 12.00
# Visual Studio Version 17
VisualStudioVersion = 17.5.33414.496
MinimumVisualStudioVersion = 10.0.40219.1
Project("{FAE04EC0-301F-11D3-BF4B-00C04F79EFBC}") = "P01WstepLINQ", "P01WstepLINQ\P01WstepLINQ.csproj", "{56BBF3D2-46E4-4E1F-A50D-51B047605162}"
EndProject
Project("{FAE04EC0-301F-11D3-BF4B-00C04F79EFBC}") = "P02ORMWstep", "P02ORMWstep\P02ORMWstep.csproj", "{DB686129-06B6-4330-B750-14F03112AA87}"
EndProject
Global
	GlobalSection(SolutionConfigurationPlatforms) = preSolution
		Debug|Any CPU = Debug|Any CPU
		Release|Any CPU = Release|Any CPU
	EndGlobalSection
	GlobalSection(ProjectConfigurationPlatforms) = postSolution
		{56BBF3D2-46E4-4E1F-A50D-51B047605162}.Debug|Any CPU.ActiveCfg = Debug|Any CPU
		{56BBF3D2-46E4-4E1F-A50D-51B047605162}.Debug|Any CPU.Build.0 = Debug|Any CPU
		{56BBF3D2-46E4-4E1F-A50D-51B047605162}.Release|Any CPU.ActiveCfg = Release|Any CPU
		{56BBF3D2-46E4-4E1F-A50D-51B047605162}.Release|Any CPU.Build.0 = Release|Any CPU
		{DB686129-06B6-4330-B750-14F03112AA87}.Debug|Any CPU.ActiveCfg = Debug|Any CPU
		{DB686129-06B6-4330-B750-14F03112AA87}.Debug|Any CPU.Build.0 = Debug|Any CPU
		{DB686129-06B6-4330-B750-14F03112AA87}.Release|Any CPU.ActiveCfg = Release|Any CPU
		{DB686129-06B6-4330-B750-14F03112AA87}.Release|Any CPU.Build.0 = Release|Any CPU
	EndGlobalSection
	GlobalSection(SolutionProperties) = preSolution
		HideSolutionNode = FALSE
	EndGlobalSection
	GlobalSection(ExtensibilityGlobals) = postSolution
		SolutionGuid = {2FE74D68-19AF-469F-A82B-5DC76847EDFE}
	EndGlobalSection
EndGlobal
